
Microsoft Visual Studio Solution File, Format Version 11.00
# Visual Studio 2010
Project("{8BC9CEB8-8B4A-11D0-8D11-00A0C91BC942}") = "ds", "ds\ds.vcxproj", "{674BABCD-D014-43E7-8EE8-264C6E319BFD}"
EndProject
Global
	GlobalSection(SolutionConfigurationPlatforms) = preSolution
		Debug|Win32 = Debug|Win32
		Release|Win32 = Release|Win32
	EndGlobalSection
	GlobalSection(ProjectConfigurationPlatforms) = postSolution
		{674BABCD-D014-43E7-8EE8-264C6E319BFD}.Debug|Win32.ActiveCfg = Debug|Win32
		{674BABCD-D014-43E7-8EE8-264C6E319BFD}.Debug|Win32.Build.0 = Debug|Win32
		{674BABCD-D014-43E7-8EE8-264C6E319BFD}.Release|Win32.ActiveCfg = Release|Win32
		{674BABCD-D014-43E7-8EE8-264C6E319BFD}.Release|Win32.Build.0 = Release|Win32
	EndGlobalSection
	GlobalSection(SolutionProperties) = preSolution
		HideSolutionNode = FALSE
	EndGlobalSection
EndGlobal
